
Microsoft Visual Studio Solution File, Format Version 12.00
# Visual Studio 15
VisualStudioVersion = 15.0.27413.0
MinimumVisualStudioVersion = 10.0.40219.1
Project("{9A19103F-16F7-4668-BE54-9A1E7A4F7556}") = "Necessity", "Necessity\Necessity.csproj", "{4F552650-452E-45AD-BE61-48E3D6000CA0}"
EndProject
Project("{FAE04EC0-301F-11D3-BF4B-00C04F79EFBC}") = "Necessity.Tests", "Necessity.Tests\Necessity.Tests.csproj", "{078BEFC6-6D5D-4500-AE9B-CE7B60FAC93E}"
EndProject
Global
	GlobalSection(SolutionConfigurationPlatforms) = preSolution
		Debug|Any CPU = Debug|Any CPU
		Release|Any CPU = Release|Any CPU
	EndGlobalSection
	GlobalSection(ProjectConfigurationPlatforms) = postSolution
		{4F552650-452E-45AD-BE61-48E3D6000CA0}.Debug|Any CPU.ActiveCfg = Debug|Any CPU
		{4F552650-452E-45AD-BE61-48E3D6000CA0}.Debug|Any CPU.Build.0 = Debug|Any CPU
		{4F552650-452E-45AD-BE61-48E3D6000CA0}.Release|Any CPU.ActiveCfg = Release|Any CPU
		{4F552650-452E-45AD-BE61-48E3D6000CA0}.Release|Any CPU.Build.0 = Release|Any CPU
		{078BEFC6-6D5D-4500-AE9B-CE7B60FAC93E}.Debug|Any CPU.ActiveCfg = Debug|Any CPU
		{078BEFC6-6D5D-4500-AE9B-CE7B60FAC93E}.Debug|Any CPU.Build.0 = Debug|Any CPU
		{078BEFC6-6D5D-4500-AE9B-CE7B60FAC93E}.Release|Any CPU.ActiveCfg = Release|Any CPU
		{078BEFC6-6D5D-4500-AE9B-CE7B60FAC93E}.Release|Any CPU.Build.0 = Release|Any CPU
	EndGlobalSection
	GlobalSection(SolutionProperties) = preSolution
		HideSolutionNode = FALSE
	EndGlobalSection
	GlobalSection(ExtensibilityGlobals) = postSolution
		SolutionGuid = {A6E016F7-1081-414D-8D7B-228061EB6E09}
	EndGlobalSection
EndGlobal
